
Microsoft Visual Studio Solution File, Format Version 12.00
# Visual Studio Version 17
VisualStudioVersion = 17.9.34616.47
MinimumVisualStudioVersion = 10.0.40219.1
Project("{FAE04EC0-301F-11D3-BF4B-00C04F79EFBC}") = "TPMOD06", "TPMOD06\TPMOD06.csproj", "{16398E8F-BCC8-4C5D-9B02-7644AE894E5C}"
EndProject
Global
	GlobalSection(SolutionConfigurationPlatforms) = preSolution
		Debug|Any CPU = Debug|Any CPU
		Release|Any CPU = Release|Any CPU
	EndGlobalSection
	GlobalSection(ProjectConfigurationPlatforms) = postSolution
		{16398E8F-BCC8-4C5D-9B02-7644AE894E5C}.Debug|Any CPU.ActiveCfg = Debug|Any CPU
		{16398E8F-BCC8-4C5D-9B02-7644AE894E5C}.Debug|Any CPU.Build.0 = Debug|Any CPU
		{16398E8F-BCC8-4C5D-9B02-7644AE894E5C}.Release|Any CPU.ActiveCfg = Release|Any CPU
		{16398E8F-BCC8-4C5D-9B02-7644AE894E5C}.Release|Any CPU.Build.0 = Release|Any CPU
	EndGlobalSection
	GlobalSection(SolutionProperties) = preSolution
		HideSolutionNode = FALSE
	EndGlobalSection
	GlobalSection(ExtensibilityGlobals) = postSolution
		SolutionGuid = {9389E5B7-DF09-4522-9C49-BAE050D4D7E8}
	EndGlobalSection
EndGlobal
